
Microsoft Visual Studio Solution File, Format Version 12.00
# Visual Studio Version 17
VisualStudioVersion = 17.3.32901.215
MinimumVisualStudioVersion = 10.0.40219.1
Project("{FAE04EC0-301F-11D3-BF4B-00C04F79EFBC}") = "MQTTCLIENT", "MQTTCLIENT.csproj", "{A7BD3679-C962-48FB-A403-1E8C5DEE7949}"
EndProject
Global
	GlobalSection(SolutionConfigurationPlatforms) = preSolution
		Debug|Any CPU = Debug|Any CPU
		Release|Any CPU = Release|Any CPU
	EndGlobalSection
	GlobalSection(ProjectConfigurationPlatforms) = postSolution
		{A7BD3679-C962-48FB-A403-1E8C5DEE7949}.Debug|Any CPU.ActiveCfg = Debug|Any CPU
		{A7BD3679-C962-48FB-A403-1E8C5DEE7949}.Debug|Any CPU.Build.0 = Debug|Any CPU
		{A7BD3679-C962-48FB-A403-1E8C5DEE7949}.Release|Any CPU.ActiveCfg = Release|Any CPU
		{A7BD3679-C962-48FB-A403-1E8C5DEE7949}.Release|Any CPU.Build.0 = Release|Any CPU
	EndGlobalSection
	GlobalSection(SolutionProperties) = preSolution
		HideSolutionNode = FALSE
	EndGlobalSection
	GlobalSection(ExtensibilityGlobals) = postSolution
		SolutionGuid = {F964B86A-C051-495C-BD4D-A348DBB61325}
	EndGlobalSection
EndGlobal
