
Microsoft Visual Studio Solution File, Format Version 12.00
# Visual Studio Version 17
VisualStudioVersion = 17.5.33530.505
MinimumVisualStudioVersion = 10.0.40219.1
Project("{FAE04EC0-301F-11D3-BF4B-00C04F79EFBC}") = "RestRoomTimeApp", "RestRoomTimeApp.csproj", "{09B9171C-2837-4973-8E4A-E0CF67D67326}"
EndProject
Global
	GlobalSection(SolutionConfigurationPlatforms) = preSolution
		Debug|Any CPU = Debug|Any CPU
		Release|Any CPU = Release|Any CPU
	EndGlobalSection
	GlobalSection(ProjectConfigurationPlatforms) = postSolution
		{09B9171C-2837-4973-8E4A-E0CF67D67326}.Debug|Any CPU.ActiveCfg = Debug|Any CPU
		{09B9171C-2837-4973-8E4A-E0CF67D67326}.Debug|Any CPU.Build.0 = Debug|Any CPU
		{09B9171C-2837-4973-8E4A-E0CF67D67326}.Release|Any CPU.ActiveCfg = Release|Any CPU
		{09B9171C-2837-4973-8E4A-E0CF67D67326}.Release|Any CPU.Build.0 = Release|Any CPU
	EndGlobalSection
	GlobalSection(SolutionProperties) = preSolution
		HideSolutionNode = FALSE
	EndGlobalSection
	GlobalSection(ExtensibilityGlobals) = postSolution
		SolutionGuid = {40121E8F-3B65-425A-AB81-F41BDDEBAD3E}
	EndGlobalSection
EndGlobal
